PODS:
  - Alamofire (4.9.1)
  - SwiftyXMLParser (5.5.0)

DEPENDENCIES:
  - Alamofire
  - SwiftyXMLParser (from `https://github.com/yahoojapan/SwiftyXMLParser.git`)

SPEC REPOS:
  trunk:
    - Alamofire

EXTERNAL SOURCES:
  SwiftyXMLParser:
    :git: https://github.com/yahoojapan/SwiftyXMLParser.git

CHECKOUT OPTIONS:
  SwiftyXMLParser:
    :commit: d7a1d23f04c86c1cd2e8f19247dd15d74e0ea8be
    :git: https://github.com/yahoojapan/SwiftyXMLParser.git

SPEC CHECKSUMS:
  Alamofire: 85e8a02c69d6020a0d734f6054870d7ecb75cf18
  SwiftyXMLParser: 027d9e6fb54a38d95dccec025bcea9693f699c47

PODFILE CHECKSUM: ce05693108310b31565e86add7bc1d9d649a8f4e

COCOAPODS: 1.11.2
