// !$*UTF8*$!
{
	archiveVersion = 1;
	classes = {
	};
	objectVersion = 55;
	objects = {

/* Begin PBXBuildFile section */
		4C7F72092913660400611A29 /* AppDelegate.swift in Sources */ = {isa = PBXBuildFile; fileRef = 4C7F72082913660400611A29 /* AppDelegate.swift */; };
		4C7F720B2913660400611A29 /* SceneDelegate.swift in Sources */ = {isa = PBXBuildFile; fileRef = 4C7F720A2913660400611A29 /* SceneDelegate.swift */; };
		4C7F720D2913660400611A29 /* ViewController.swift in Sources */ = {isa = PBXBuildFile; fileRef = 4C7F720C2913660400611A29 /* ViewController.swift */; };
		4C7F72102913660400611A29 /* Main.storyboard in Resources */ = {isa = PBXBuildFile; fileRef = 4C7F720E2913660400611A29 /* Main.storyboard */; };
		4C7F72122913660700611A29 /* Assets.xcassets in Resources */ = {isa = PBXBuildFile; fileRef = 4C7F72112913660700611A29 /* Assets.xcassets */; };
		4C7F72152913660700611A29 /* LaunchScreen.storyboard in Resources */ = {isa = PBXBuildFile; fileRef = 4C7F72132913660700611A29 /* LaunchScreen.storyboard */; };
		4CC426B82914A0B40098B64E /* WebViewController.swift in Sources */ = {isa = PBXBuildFile; fileRef = 4CC426B72914A0B40098B64E /* WebViewController.swift */; };
		EA829AD899DAF2574F7CADC6 /* Pods_ConvertibalBond.framework in Frameworks */ = {isa = PBXBuildFile; fileRef = 27661EAC2FA37B8C1CE7504D /* Pods_ConvertibalBond.framework */; };
/* End PBXBuildFile section */

/* Begin PBXFileReference section */
		27661EAC2FA37B8C1CE7504D /* Pods_ConvertibalBond.framework */ = {isa = PBXFileReference; explicitFileType = wrapper.framework; includeInIndex = 0; path = Pods_ConvertibalBond.framework; sourceTree = BUILT_PRODUCTS_DIR; };
		4C7F72052913660400611A29 /* ConvertibalBond.app */ = {isa = PBXFileReference; explicitFileType = wrapper.application; includeInIndex = 0; path = ConvertibalBond.app; sourceTree = BUILT_PRODUCTS_DIR; };
		4C7F72082913660400611A29 /* AppDelegate.swift */ = {isa = PBXFileReference; lastKnownFileType = sourcecode.swift; path = AppDelegate.swift; sourceTree = "<group>"; };
		4C7F720A2913660400611A29 /* SceneDelegate.swift */ = {isa = PBXFileReference; lastKnownFileType = sourcecode.swift; path = SceneDelegate.swift; sourceTree = "<group>"; };
		4C7F720C2913660400611A29 /* ViewController.swift */ = {isa = PBXFileReference; lastKnownFileType = sourcecode.swift; path = ViewController.swift; sourceTree = "<group>"; };
		4C7F720F2913660400611A29 /* Base */ = {isa = PBXFileReference; lastKnownFileType = file.storyboard; name = Base; path = Base.lproj/Main.storyboard; sourceTree = "<group>"; };
		4C7F72112913660700611A29 /* Assets.xcassets */ = {isa = PBXFileReference; lastKnownFileType = folder.assetcatalog; path = Assets.xcassets; sourceTree = "<group>"; };
		4C7F72142913660700611A29 /* Base */ = {isa = PBXFileReference; lastKnownFileType = file.storyboard; name = Base; path = Base.lproj/LaunchScreen.storyboard; sourceTree = "<group>"; };
		4C7F72162913660700611A29 /* Info.plist */ = {isa = PBXFileReference; lastKnownFileType = text.plist.xml; path = Info.plist; sourceTree = "<group>"; };
		4CC426B72914A0B40098B64E /* WebViewController.swift */ = {isa = PBXFileReference; lastKnownFileType = sourcecode.swift; path = WebViewController.swift; sourceTree = "<group>"; };
		7513398F42C91CE1C8360464 /* Pods-ConvertibalBond.debug.xcconfig */ = {isa = PBXFileReference; includeInIndex = 1; lastKnownFileType = text.xcconfig; name = "Pods-ConvertibalBond.debug.xcconfig"; path = "Target Support Files/Pods-ConvertibalBond/Pods-ConvertibalBond.debug.xcconfig"; sourceTree = "<group>"; };
		7E7E95AA02DC9C7CA379AFB0 /* Pods-ConvertibalBond.release.xcconfig */ = {isa = PBXFileReference; includeInIndex = 1; lastKnownFileType = text.xcconfig; name = "Pods-ConvertibalBond.release.xcconfig"; path = "Target Support Files/Pods-ConvertibalBond/Pods-ConvertibalBond.release.xcconfig"; sourceTree = "<group>"; };
/* End PBXFileReference section */

/* Begin PBXFrameworksBuildPhase section */
		4C7F72022913660400611A29 /* Frameworks */ = {
			isa = PBXFrameworksBuildPhase;
			buildActionMask = 2147483647;
			files = (
				EA829AD899DAF2574F7CADC6 /* Pods_ConvertibalBond.framework in Frameworks */,
			);
			runOnlyForDeploymentPostprocessing = 0;
		};
/* End PBXFrameworksBuildPhase section */

/* Begin PBXGroup section */
		34D915ABA5409A94292A8AA8 /* Pods */ = {
			isa = PBXGroup;
			children = (
				7513398F42C91CE1C8360464 /* Pods-ConvertibalBond.debug.xcconfig */,
				7E7E95AA02DC9C7CA379AFB0 /* Pods-ConvertibalBond.release.xcconfig */,
			);
			path = Pods;
			sourceTree = "<group>";
		};
		4C7F71FC2913660400611A29 = {
			isa = PBXGroup;
			children = (
				4C7F72072913660400611A29 /* ConvertibalBond */,
				4C7F72062913660400611A29 /* Products */,
				34D915ABA5409A94292A8AA8 /* Pods */,
				7AF0767C4FD8E36A70859D8A /* Frameworks */,
			);
			sourceTree = "<group>";
		};
		4C7F72062913660400611A29 /* Products */ = {
			isa = PBXGroup;
			children = (
				4C7F72052913660400611A29 /* ConvertibalBond.app */,
			);
			name = Products;
			sourceTree = "<group>";
		};
		4C7F72072913660400611A29 /* ConvertibalBond */ = {
			isa = PBXGroup;
			children = (
				4C7F72082913660400611A29 /* AppDelegate.swift */,
				4C7F720A2913660400611A29 /* SceneDelegate.swift */,
				4C7F720C2913660400611A29 /* ViewController.swift */,
				4CC426B72914A0B40098B64E /* WebViewController.swift */,
				4C7F720E2913660400611A29 /* Main.storyboard */,
				4C7F72112913660700611A29 /* Assets.xcassets */,
				4C7F72132913660700611A29 /* LaunchScreen.storyboard */,
				4C7F72162913660700611A29 /* Info.plist */,
			);
			path = ConvertibalBond;
			sourceTree = "<group>";
		};
		7AF0767C4FD8E36A70859D8A /* Frameworks */ = {
			isa = PBXGroup;
			children = (
				27661EAC2FA37B8C1CE7504D /* Pods_ConvertibalBond.framework */,
			);
			name = Frameworks;
			sourceTree = "<group>";
		};
/* End PBXGroup section */

/* Begin PBXNativeTarget section */
		4C7F72042913660400611A29 /* ConvertibalBond */ = {
			isa = PBXNativeTarget;
			buildConfigurationList = 4C7F72192913660700611A29 /* Build configuration list for PBXNativeTarget "ConvertibalBond" */;
			buildPhases = (
				81FD18DD5F20AD8129AAEB9A /* [CP] Check Pods Manifest.lock */,
				4C7F72012913660400611A29 /* Sources */,
				4C7F72022913660400611A29 /* Frameworks */,
				4C7F72032913660400611A29 /* Resources */,
				8F5966F0DF43F36C82AE7493 /* [CP] Embed Pods Frameworks */,
			);
			buildRules = (
			);
			dependencies = (
			);
			name = ConvertibalBond;
			productName = ConvertibalBond;
			productReference = 4C7F72052913660400611A29 /* ConvertibalBond.app */;
			productType = "com.apple.product-type.application";
		};
/* End PBXNativeTarget section */

/* Begin PBXProject section */
		4C7F71FD2913660400611A29 /* Project object */ = {
			isa = PBXProject;
			attributes = {
				BuildIndependentTargetsInParallel = 1;
				LastSwiftUpdateCheck = 1340;
				LastUpgradeCheck = 1340;
				TargetAttributes = {
					4C7F72042913660400611A29 = {
						CreatedOnToolsVersion = 13.4;
					};
				};
			};
			buildConfigurationList = 4C7F72002913660400611A29 /* Build configuration list for PBXProject "ConvertibalBond" */;
			compatibilityVersion = "Xcode 13.0";
			developmentRegion = en;
			hasScannedForEncodings = 0;
			knownRegions = (
				en,
				Base,
			);
			mainGroup = 4C7F71FC2913660400611A29;
			productRefGroup = 4C7F72062913660400611A29 /* Products */;
			projectDirPath = "";
			projectRoot = "";
			targets = (
				4C7F72042913660400611A29 /* ConvertibalBond */,
			);
		};
/* End PBXProject section */

/* Begin PBXResourcesBuildPhase section */
		4C7F72032913660400611A29 /* Resources */ = {
			isa = PBXResourcesBuildPhase;
			buildActionMask = 2147483647;
			files = (
				4C7F72152913660700611A29 /* LaunchScreen.storyboard in Resources */,
				4C7F72122913660700611A29 /* Assets.xcassets in Resources */,
				4C7F72102913660400611A29 /* Main.storyboard in Resources */,
			);
			runOnlyForDeploymentPostprocessing = 0;
		};
/* End PBXResourcesBuildPhase section */

/* Begin PBXShellScriptBuildPhase section */
		81FD18DD5F20AD8129AAEB9A /* [CP] Check Pods Manifest.lock */ = {
			isa = PBXShellScriptBuildPhase;
			buildActionMask = 2147483647;
			files = (
			);
			inputFileListPaths = (
			);
			inputPaths = (
				"${PODS_PODFILE_DIR_PATH}/Podfile.lock",
				"${PODS_ROOT}/Manifest.lock",
			);
			name = "[CP] Check Pods Manifest.lock";
			outputFileListPaths = (
			);
			outputPaths = (
				"$(DERIVED_FILE_DIR)/Pods-ConvertibalBond-checkManifestLockResult.txt",
			);
			runOnlyForDeploymentPostprocessing = 0;
			shellPath = /bin/sh;
			shellScript = "diff \"${PODS_PODFILE_DIR_PATH}/Podfile.lock\" \"${PODS_ROOT}/Manifest.lock\" > /dev/null\nif [ $? != 0 ] ; then\n    # print error to STDERR\n    echo \"error: The sandbox is not in sync with the Podfile.lock. Run 'pod install' or update your CocoaPods installation.\" >&2\n    exit 1\nfi\n# This output is used by Xcode 'outputs' to avoid re-running this script phase.\necho \"SUCCESS\" > \"${SCRIPT_OUTPUT_FILE_0}\"\n";
			showEnvVarsInLog = 0;
		};
		8F5966F0DF43F36C82AE7493 /* [CP] Embed Pods Frameworks */ = {
			isa = PBXShellScriptBuildPhase;
			buildActionMask = 2147483647;
			files = (
			);
			inputFileListPaths = (
				"${PODS_ROOT}/Target Support Files/Pods-ConvertibalBond/Pods-ConvertibalBond-frameworks-${CONFIGURATION}-input-files.xcfilelist",
			);
			name = "[CP] Embed Pods Frameworks";
			outputFileListPaths = (
				"${PODS_ROOT}/Target Support Files/Pods-ConvertibalBond/Pods-ConvertibalBond-frameworks-${CONFIGURATION}-output-files.xcfilelist",
			);
			runOnlyForDeploymentPostprocessing = 0;
			shellPath = /bin/sh;
			shellScript = "\"${PODS_ROOT}/Target Support Files/Pods-ConvertibalBond/Pods-ConvertibalBond-frameworks.sh\"\n";
			showEnvVarsInLog = 0;
		};
/* End PBXShellScriptBuildPhase section */

/* Begin PBXSourcesBuildPhase section */
		4C7F72012913660400611A29 /* Sources */ = {
			isa = PBXSourcesBuildPhase;
			buildActionMask = 2147483647;
			files = (
				4C7F720D2913660400611A29 /* ViewController.swift in Sources */,
				4C7F72092913660400611A29 /* AppDelegate.swift in Sources */,
				4C7F720B2913660400611A29 /* SceneDelegate.swift in Sources */,
				4CC426B82914A0B40098B64E /* WebViewController.swift in Sources */,
			);
			runOnlyForDeploymentPostprocessing = 0;
		};
/* End PBXSourcesBuildPhase section */

/* Begin PBXVariantGroup section */
		4C7F720E2913660400611A29 /* Main.storyboard */ = {
			isa = PBXVariantGroup;
			children = (
				4C7F720F2913660400611A29 /* Base */,
			);
			name = Main.storyboard;
			sourceTree = "<group>";
		};
		4C7F72132913660700611A29 /* LaunchScreen.storyboard */ = {
			isa = PBXVariantGroup;
			children = (
				4C7F72142913660700611A29 /* Base */,
			);
			name = LaunchScreen.storyboard;
			sourceTree = "<group>";
		};
/* End PBXVariantGroup section */

/* Begin XCBuildConfiguration section */
		4C7F72172913660700611A29 /* Debug */ = {
			isa = XCBuildConfiguration;
			buildSettings = {
				ALWAYS_SEARCH_USER_PATHS = NO;
				CLANG_ANALYZER_NONNULL = YES;
				CLANG_ANALYZER_NUMBER_OBJECT_CONVERSION = YES_AGGRESSIVE;
				CLANG_CXX_LANGUAGE_STANDARD = "gnu++17";
				CLANG_ENABLE_MODULES = YES;
				CLANG_ENABLE_OBJC_ARC = YES;
				CLANG_ENABLE_OBJC_WEAK = YES;
				CLANG_WARN_BLOCK_CAPTURE_AUTORELEASING = YES;
				CLANG_WARN_BOOL_CONVERSION = YES;
				CLANG_WARN_COMMA = YES;
				CLANG_WARN_CONSTANT_CONVERSION = YES;
				CLANG_WARN_DEPRECATED_OBJC_IMPLEMENTATIONS = YES;
				CLANG_WARN_DIRECT_OBJC_ISA_USAGE = YES_ERROR;
				CLANG_WARN_DOCUMENTATION_COMMENTS = YES;
				CLANG_WARN_EMPTY_BODY = YES;
				CLANG_WARN_ENUM_CONVERSION = YES;
				CLANG_WARN_INFINITE_RECURSION = YES;
				CLANG_WARN_INT_CONVERSION = YES;
				CLANG_WARN_NON_LITERAL_NULL_CONVERSION = YES;
				CLANG_WARN_OBJC_IMPLICIT_RETAIN_SELF = YES;
				CLANG_WARN_OBJC_LITERAL_CONVERSION = YES;
				CLANG_WARN_OBJC_ROOT_CLASS = YES_ERROR;
				CLANG_WARN_QUOTED_INCLUDE_IN_FRAMEWORK_HEADER = YES;
				CLANG_WARN_RANGE_LOOP_ANALYSIS = YES;
				CLANG_WARN_STRICT_PROTOTYPES = YES;
				CLANG_WARN_SUSPICIOUS_MOVE = YES;
				CLANG_WARN_UNGUARDED_AVAILABILITY = YES_AGGRESSIVE;
				CLANG_WARN_UNREACHABLE_CODE = YES;
				CLANG_WARN__DUPLICATE_METHOD_MATCH = YES;
				COPY_PHASE_STRIP = NO;
				DEBUG_INFORMATION_FORMAT = dwarf;
				ENABLE_STRICT_OBJC_MSGSEND = YES;
				ENABLE_TESTABILITY = YES;
				GCC_C_LANGUAGE_STANDARD = gnu11;
				GCC_DYNAMIC_NO_PIC = NO;
				GCC_NO_COMMON_BLOCKS = YES;
				GCC_OPTIMIZATION_LEVEL = 0;
				GCC_PREPROCESSOR_DEFINITIONS = (
					"DEBUG=1",
					"$(inherited)",
				);
				GCC_WARN_64_TO_32_BIT_CONVERSION = YES;
				GCC_WARN_ABOUT_RETURN_TYPE = YES_ERROR;
				GCC_WARN_UNDECLARED_SELECTOR = YES;
				GCC_WARN_UNINITIALIZED_AUTOS = YES_AGGRESSIVE;
				GCC_WARN_UNUSED_FUNCTION = YES;
				GCC_WARN_UNUSED_VARIABLE = YES;
				IPHONEOS_DEPLOYMENT_TARGET = 15.5;
				MTL_ENABLE_DEBUG_INFO = INCLUDE_SOURCE;
				MTL_FAST_MATH = YES;
				ONLY_ACTIVE_ARCH = YES;
				SDKROOT = iphoneos;
				SWIFT_ACTIVE_COMPILATION_CONDITIONS = DEBUG;
				SWIFT_OPTIMIZATION_LEVEL = "-Onone";
			};
			name = Debug;
		};
		4C7F72182913660700611A29 /* Release */ = {
			isa = XCBuildConfiguration;
			buildSettings = {
				ALWAYS_SEARCH_USER_PATHS = NO;
				CLANG_ANALYZER_NONNULL = YES;
				CLANG_ANALYZER_NUMBER_OBJECT_CONVERSION = YES_AGGRESSIVE;
				CLANG_CXX_LANGUAGE_STANDARD = "gnu++17";
				CLANG_ENABLE_MODULES = YES;
				CLANG_ENABLE_OBJC_ARC = YES;
				CLANG_ENABLE_OBJC_WEAK = YES;
				CLANG_WARN_BLOCK_CAPTURE_AUTORELEASING = YES;
				CLANG_WARN_BOOL_CONVERSION = YES;
				CLANG_WARN_COMMA = YES;
				CLANG_WARN_CONSTANT_CONVERSION = YES;
				CLANG_WARN_DEPRECATED_OBJC_IMPLEMENTATIONS = YES;
				CLANG_WARN_DIRECT_OBJC_ISA_USAGE = YES_ERROR;
				CLANG_WARN_DOCUMENTATION_COMMENTS = YES;
				CLANG_WARN_EMPTY_BODY = YES;
				CLANG_WARN_ENUM_CONVERSION = YES;
				CLANG_WARN_INFINITE_RECURSION = YES;
				CLANG_WARN_INT_CONVERSION = YES;
				CLANG_WARN_NON_LITERAL_NULL_CONVERSION = YES;
				CLANG_WARN_OBJC_IMPLICIT_RETAIN_SELF = YES;
				CLANG_WARN_OBJC_LITERAL_CONVERSION = YES;
				CLANG_WARN_OBJC_ROOT_CLASS = YES_ERROR;
				CLANG_WARN_QUOTED_INCLUDE_IN_FRAMEWORK_HEADER = YES;
				CLANG_WARN_RANGE_LOOP_ANALYSIS = YES;
				CLANG_WARN_STRICT_PROTOTYPES = YES;
				CLANG_WARN_SUSPICIOUS_MOVE = YES;
				CLANG_WARN_UNGUARDED_AVAILABILITY = YES_AGGRESSIVE;
				CLANG_WARN_UNREACHABLE_CODE = YES;
				CLANG_WARN__DUPLICATE_METHOD_MATCH = YES;
				COPY_PHASE_STRIP = NO;
				DEBUG_INFORMATION_FORMAT = "dwarf-with-dsym";
				ENABLE_NS_ASSERTIONS = NO;
				ENABLE_STRICT_OBJC_MSGSEND = YES;
				GCC_C_LANGUAGE_STANDARD = gnu11;
				GCC_NO_COMMON_BLOCKS = YES;
				GCC_WARN_64_TO_32_BIT_CONVERSION = YES;
				GCC_WARN_ABOUT_RETURN_TYPE = YES_ERROR;
				GCC_WARN_UNDECLARED_SELECTOR = YES;
				GCC_WARN_UNINITIALIZED_AUTOS = YES_AGGRESSIVE;
				GCC_WARN_UNUSED_FUNCTION = YES;
				GCC_WARN_UNUSED_VARIABLE = YES;
				IPHONEOS_DEPLOYMENT_TARGET = 15.5;
				MTL_ENABLE_DEBUG_INFO = NO;
				MTL_FAST_MATH = YES;
				SDKROOT = iphoneos;
				SWIFT_COMPILATION_MODE = wholemodule;
				SWIFT_OPTIMIZATION_LEVEL = "-O";
				VALIDATE_PRODUCT = YES;
			};
			name = Release;
		};
		4C7F721A2913660700611A29 /* Debug */ = {
			isa = XCBuildConfiguration;
			baseConfigurationReference = 7513398F42C91CE1C8360464 /* Pods-ConvertibalBond.debug.xcconfig */;
			buildSettings = {
				ASSETCATALOG_COMPILER_APPICON_NAME = AppIcon;
				ASSETCATALOG_COMPILER_GLOBAL_ACCENT_COLOR_NAME = AccentColor;
				CODE_SIGN_STYLE = Automatic;
				CURRENT_PROJECT_VERSION = 1;
				DEVELOPMENT_TEAM = 754HUZV587;
				GENERATE_INFOPLIST_FILE = YES;
				INFOPLIST_FILE = ConvertibalBond/Info.plist;
				INFOPLIST_KEY_UIApplicationSupportsIndirectInputEvents = YES;
				INFOPLIST_KEY_UILaunchStoryboardName = LaunchScreen;
				INFOPLIST_KEY_UIMainStoryboardFile = Main;
				INFOPLIST_KEY_UISupportedInterfaceOrientations_iPad = "UIInterfaceOrientationPortrait UIInterfaceOrientationPortraitUpsideDown UIInterfaceOrientationLandscapeLeft UIInterfaceOrientationLandscapeRight";
				INFOPLIST_KEY_UISupportedInterfaceOrientations_iPhone = "UIInterfaceOrientationPortrait UIInterfaceOrientationLandscapeLeft UIInterfaceOrientationLandscapeRight";
				IPHONEOS_DEPLOYMENT_TARGET = 13.0;
				LD_RUNPATH_SEARCH_PATHS = (
					"$(inherited)",
					"@executable_path/Frameworks",
				);
				MARKETING_VERSION = 1.0;
				PRODUCT_BUNDLE_IDENTIFIER = com.try.ConvertibalBond;
				PRODUCT_NAME = "$(TARGET_NAME)";
				SWIFT_EMIT_LOC_STRINGS = YES;
				SWIFT_VERSION = 5.0;
				TARGETED_DEVICE_FAMILY = "1,2";
			};
			name = Debug;
		};
		4C7F721B2913660700611A29 /* Release */ = {
			isa = XCBuildConfiguration;
			baseConfigurationReference = 7E7E95AA02DC9C7CA379AFB0 /* Pods-ConvertibalBond.release.xcconfig */;
			buildSettings = {
				ASSETCATALOG_COMPILER_APPICON_NAME = AppIcon;
				ASSETCATALOG_COMPILER_GLOBAL_ACCENT_COLOR_NAME = AccentColor;
				CODE_SIGN_STYLE = Automatic;
				CURRENT_PROJECT_VERSION = 1;
				DEVELOPMENT_TEAM = 754HUZV587;
				GENERATE_INFOPLIST_FILE = YES;
				INFOPLIST_FILE = ConvertibalBond/Info.plist;
				INFOPLIST_KEY_UIApplicationSupportsIndirectInputEvents = YES;
				INFOPLIST_KEY_UILaunchStoryboardName = LaunchScreen;
				INFOPLIST_KEY_UIMainStoryboardFile = Main;
				INFOPLIST_KEY_UISupportedInterfaceOrientations_iPad = "UIInterfaceOrientationPortrait UIInterfaceOrientationPortraitUpsideDown UIInterfaceOrientationLandscapeLeft UIInterfaceOrientationLandscapeRight";
				INFOPLIST_KEY_UISupportedInterfaceOrientations_iPhone = "UIInterfaceOrientationPortrait UIInterfaceOrientationLandscapeLeft UIInterfaceOrientationLandscapeRight";
				IPHONEOS_DEPLOYMENT_TARGET = 13.0;
				LD_RUNPATH_SEARCH_PATHS = (
					"$(inherited)",
					"@executable_path/Frameworks",
				);
				MARKETING_VERSION = 1.0;
				PRODUCT_BUNDLE_IDENTIFIER = com.try.ConvertibalBond;
				PRODUCT_NAME = "$(TARGET_NAME)";
				SWIFT_EMIT_LOC_STRINGS = YES;
				SWIFT_VERSION = 5.0;
				TARGETED_DEVICE_FAMILY = "1,2";
			};
			name = Release;
		};
/* End XCBuildConfiguration section */

/* Begin XCConfigurationList section */
		4C7F72002913660400611A29 /* Build configuration list for PBXProject "ConvertibalBond" */ = {
			isa = XCConfigurationList;
			buildConfigurations = (
				4C7F72172913660700611A29 /* Debug */,
				4C7F72182913660700611A29 /* Release */,
			);
			defaultConfigurationIsVisible = 0;
			defaultConfigurationName = Release;
		};
		4C7F72192913660700611A29 /* Build configuration list for PBXNativeTarget "ConvertibalBond" */ = {
			isa = XCConfigurationList;
			buildConfigurations = (
				4C7F721A2913660700611A29 /* Debug */,
				4C7F721B2913660700611A29 /* Release */,
			);
			defaultConfigurationIsVisible = 0;
			defaultConfigurationName = Release;
		};
/* End XCConfigurationList section */
	};
	rootObject = 4C7F71FD2913660400611A29 /* Project object */;
}
